
Microsoft Visual Studio Solution File, Format Version 12.00
# Visual Studio 15
VisualStudioVersion = 15.0.28124.53
MinimumVisualStudioVersion = 10.0.40219.1
Project("{FAE04EC0-301F-11D3-BF4B-00C04F79EFBC}") = "serialization.protoc", "serialization.protoc\serialization.protoc.csproj", "{F6327EAE-AF14-4989-B670-D159EAA94ADB}"
EndProject
Project("{FAE04EC0-301F-11D3-BF4B-00C04F79EFBC}") = "serialization.json", "serialization.json\serialization.json.csproj", "{FA36FBE7-AA39-4592-AE22-B0F64A3CE3A5}"
EndProject
Project("{2150E333-8FDC-42A3-9474-1A3956D46DE8}") = "Solution Items", "Solution Items", "{6E95A1B3-E745-43CD-B182-88062DF59886}"
	ProjectSection(SolutionItems) = preProject
		models\Person.proto = models\Person.proto
	EndProjectSection
EndProject
Global
	GlobalSection(SolutionConfigurationPlatforms) = preSolution
		Debug|Any CPU = Debug|Any CPU
		Release|Any CPU = Release|Any CPU
	EndGlobalSection
	GlobalSection(ProjectConfigurationPlatforms) = postSolution
		{F6327EAE-AF14-4989-B670-D159EAA94ADB}.Debug|Any CPU.ActiveCfg = Debug|Any CPU
		{F6327EAE-AF14-4989-B670-D159EAA94ADB}.Debug|Any CPU.Build.0 = Debug|Any CPU
		{F6327EAE-AF14-4989-B670-D159EAA94ADB}.Release|Any CPU.ActiveCfg = Release|Any CPU
		{F6327EAE-AF14-4989-B670-D159EAA94ADB}.Release|Any CPU.Build.0 = Release|Any CPU
		{FA36FBE7-AA39-4592-AE22-B0F64A3CE3A5}.Debug|Any CPU.ActiveCfg = Debug|Any CPU
		{FA36FBE7-AA39-4592-AE22-B0F64A3CE3A5}.Debug|Any CPU.Build.0 = Debug|Any CPU
		{FA36FBE7-AA39-4592-AE22-B0F64A3CE3A5}.Release|Any CPU.ActiveCfg = Release|Any CPU
		{FA36FBE7-AA39-4592-AE22-B0F64A3CE3A5}.Release|Any CPU.Build.0 = Release|Any CPU
	EndGlobalSection
	GlobalSection(SolutionProperties) = preSolution
		HideSolutionNode = FALSE
	EndGlobalSection
EndGlobal
